
Microsoft Visual Studio Solution File, Format Version 12.00
# Visual Studio Version 16
VisualStudioVersion = 16.0.32126.315
MinimumVisualStudioVersion = 10.0.40219.1
Project("{FAE04EC0-301F-11D3-BF4B-00C04F79EFBC}") = "Electrodevices", "Electrodevices\Electrodevices.csproj", "{7BC15482-5F84-4C49-AA2B-2A4804ED8DE8}"
EndProject
Global
	GlobalSection(SolutionConfigurationPlatforms) = preSolution
		Debug|Any CPU = Debug|Any CPU
		Release|Any CPU = Release|Any CPU
	EndGlobalSection
	GlobalSection(ProjectConfigurationPlatforms) = postSolution
		{7BC15482-5F84-4C49-AA2B-2A4804ED8DE8}.Debug|Any CPU.ActiveCfg = Debug|Any CPU
		{7BC15482-5F84-4C49-AA2B-2A4804ED8DE8}.Debug|Any CPU.Build.0 = Debug|Any CPU
		{7BC15482-5F84-4C49-AA2B-2A4804ED8DE8}.Release|Any CPU.ActiveCfg = Release|Any CPU
		{7BC15482-5F84-4C49-AA2B-2A4804ED8DE8}.Release|Any CPU.Build.0 = Release|Any CPU
	EndGlobalSection
	GlobalSection(SolutionProperties) = preSolution
		HideSolutionNode = FALSE
	EndGlobalSection
	GlobalSection(ExtensibilityGlobals) = postSolution
		SolutionGuid = {B589E983-0F9A-47D3-B730-CB5E5B47CB10}
	EndGlobalSection
EndGlobal
